// !$*UTF8*$!
{
	archiveVersion = 1;
	classes = {
	};
	objectVersion = 51;
	objects = {

/* Begin PBXBuildFile section */
		13C3238B85BE4D540DCA614C /* Pods_QuizApp.framework in Frameworks */ = {isa = PBXBuildFile; fileRef = 1E7A52BB1C28436B96C4C953 /* Pods_QuizApp.framework */; };
		9F4B6F3426274D3C0072BA36 /* Question.swift in Sources */ = {isa = PBXBuildFile; fileRef = 9F4B6F3026274D3C0072BA36 /* Question.swift */; };
		9F4B6F3526274D3C0072BA36 /* LoginStatus.swift in Sources */ = {isa = PBXBuildFile; fileRef = 9F4B6F3126274D3C0072BA36 /* LoginStatus.swift */; };
		9F4B6F3626274D3C0072BA36 /* Quiz.swift in Sources */ = {isa = PBXBuildFile; fileRef = 9F4B6F3226274D3C0072BA36 /* Quiz.swift */; };
		9F4B6F3726274D3C0072BA36 /* QuizCategory.swift in Sources */ = {isa = PBXBuildFile; fileRef = 9F4B6F3326274D3C0072BA36 /* QuizCategory.swift */; };
		9F4B6F3B26274D600072BA36 /* DataService.swift in Sources */ = {isa = PBXBuildFile; fileRef = 9F4B6F3926274D600072BA36 /* DataService.swift */; };
		9F4B6F3C26274D600072BA36 /* DataServiceProtocol.swift in Sources */ = {isa = PBXBuildFile; fileRef = 9F4B6F3A26274D600072BA36 /* DataServiceProtocol.swift */; };
		9F4B6F5026275E6F0072BA36 /* LoginViewController.swift in Sources */ = {isa = PBXBuildFile; fileRef = 9F4B6F4F26275E6F0072BA36 /* LoginViewController.swift */; };
		9F4B6F562627899E0072BA36 /* QuizzesViewController.swift in Sources */ = {isa = PBXBuildFile; fileRef = 9F4B6F552627899E0072BA36 /* QuizzesViewController.swift */; };
		9F6717B62645D485006B4420 /* Router.swift in Sources */ = {isa = PBXBuildFile; fileRef = 9F6717B52645D485006B4420 /* Router.swift */; };
		9F6717BA2645D98B006B4420 /* QuizzesCollectionView.swift in Sources */ = {isa = PBXBuildFile; fileRef = 9F6717B92645D98B006B4420 /* QuizzesCollectionView.swift */; };
		9F6717BD2645DBBF006B4420 /* QuizCellView.swift in Sources */ = {isa = PBXBuildFile; fileRef = 9F6717BC2645DBBF006B4420 /* QuizCellView.swift */; };
		9F6717C02646860B006B4420 /* RatingView.swift in Sources */ = {isa = PBXBuildFile; fileRef = 9F6717BF2646860B006B4420 /* RatingView.swift */; };
		9F6717C326468D7A006B4420 /* TabBarController.swift in Sources */ = {isa = PBXBuildFile; fileRef = 9F6717C226468D7A006B4420 /* TabBarController.swift */; };
		9F6717CA264695F6006B4420 /* SearchViewController.swift in Sources */ = {isa = PBXBuildFile; fileRef = 9F6717C9264695F6006B4420 /* SearchViewController.swift */; };
		9F6717CD2646960A006B4420 /* SettingsViewController.swift in Sources */ = {isa = PBXBuildFile; fileRef = 9F6717CC2646960A006B4420 /* SettingsViewController.swift */; };
		9F6717D326469780006B4420 /* QuizViewController.swift in Sources */ = {isa = PBXBuildFile; fileRef = 9F6717D226469780006B4420 /* QuizViewController.swift */; };
		9F6717D6264697F0006B4420 /* QuizHeaderView.swift in Sources */ = {isa = PBXBuildFile; fileRef = 9F6717D5264697F0006B4420 /* QuizHeaderView.swift */; };
		9F6717D9264698DB006B4420 /* QuizButton.swift in Sources */ = {isa = PBXBuildFile; fileRef = 9F6717D8264698DB006B4420 /* QuizButton.swift */; };
		9F6717E0264699D0006B4420 /* QuestionTrackerView.swift in Sources */ = {isa = PBXBuildFile; fileRef = 9F6717DF264699D0006B4420 /* QuestionTrackerView.swift */; };
		9F6717E326469A38006B4420 /* QuizResponse.swift in Sources */ = {isa = PBXBuildFile; fileRef = 9F6717E226469A38006B4420 /* QuizResponse.swift */; };
		9F6717E626469A75006B4420 /* ResultViewController.swift in Sources */ = {isa = PBXBuildFile; fileRef = 9F6717E526469A75006B4420 /* ResultViewController.swift */; };
		9F6A3CE82626C7C800F1D908 /* AppDelegate.swift in Sources */ = {isa = PBXBuildFile; fileRef = 9F6A3CE72626C7C800F1D908 /* AppDelegate.swift */; };
		9F6A3CEA2626C7C800F1D908 /* SceneDelegate.swift in Sources */ = {isa = PBXBuildFile; fileRef = 9F6A3CE92626C7C800F1D908 /* SceneDelegate.swift */; };
		9F6A3CEF2626C7C800F1D908 /* Main.storyboard in Resources */ = {isa = PBXBuildFile; fileRef = 9F6A3CED2626C7C800F1D908 /* Main.storyboard */; };
		9F6A3CF12626C7CB00F1D908 /* Assets.xcassets in Resources */ = {isa = PBXBuildFile; fileRef = 9F6A3CF02626C7CB00F1D908 /* Assets.xcassets */; };
		9F6A3CF42626C7CB00F1D908 /* LaunchScreen.storyboard in Resources */ = {isa = PBXBuildFile; fileRef = 9F6A3CF22626C7CB00F1D908 /* LaunchScreen.storyboard */; };
		9F74A01226639DB900453411 /* NetworkService.swift in Sources */ = {isa = PBXBuildFile; fileRef = 9F74A01126639DB900453411 /* NetworkService.swift */; };
		9F74A01526639FF900453411 /* NetworkServiceProtocol.swift in Sources */ = {isa = PBXBuildFile; fileRef = 9F74A01426639FF900453411 /* NetworkServiceProtocol.swift */; };
		9F74A0262663D83500453411 /* Result.swift in Sources */ = {isa = PBXBuildFile; fileRef = 9F74A0252663D83500453411 /* Result.swift */; };
		9F74A0292663D85300453411 /* RequestError.swift in Sources */ = {isa = PBXBuildFile; fileRef = 9F74A0282663D85300453411 /* RequestError.swift */; };
		9F74A02D2663D88100453411 /* ResponseError.swift in Sources */ = {isa = PBXBuildFile; fileRef = 9F74A02C2663D88100453411 /* ResponseError.swift */; };
		9F74A0312663D8DF00453411 /* LoginResponseData.swift in Sources */ = {isa = PBXBuildFile; fileRef = 9F74A0302663D8DF00453411 /* LoginResponseData.swift */; };
		9F74A0352664008800453411 /* QuizzesLogic.swift in Sources */ = {isa = PBXBuildFile; fileRef = 9F74A0342664008800453411 /* QuizzesLogic.swift */; };
		9F74A039266411C800453411 /* QuizzesResponseData.swift in Sources */ = {isa = PBXBuildFile; fileRef = 9F74A038266411C800453411 /* QuizzesResponseData.swift */; };
		9F74A03E2664144800453411 /* LoginLogic.swift in Sources */ = {isa = PBXBuildFile; fileRef = 9F74A03D2664144800453411 /* LoginLogic.swift */; };
		9F74A0412665026E00453411 /* QuizLogic.swift in Sources */ = {isa = PBXBuildFile; fileRef = 9F74A0402665026E00453411 /* QuizLogic.swift */; };
		9F74A044266502E000453411 /* QuizResult.swift in Sources */ = {isa = PBXBuildFile; fileRef = 9F74A043266502E000453411 /* QuizResult.swift */; };
		9F74A05326660F9F00453411 /* Model.xcdatamodeld in Sources */ = {isa = PBXBuildFile; fileRef = 9F74A05126660F9F00453411 /* Model.xcdatamodeld */; };
		9F74A0772666161300453411 /* Quiz+CD.swift in Sources */ = {isa = PBXBuildFile; fileRef = 9F74A0762666161300453411 /* Quiz+CD.swift */; };
		9F74A08426661DC000453411 /* Question+CD.swift in Sources */ = {isa = PBXBuildFile; fileRef = 9F74A08326661DC000453411 /* Question+CD.swift */; };
		9F74A08D26661F2F00453411 /* CDQuestion+CoreDataClass.swift in Sources */ = {isa = PBXBuildFile; fileRef = 9F74A08C26661F2F00453411 /* CDQuestion+CoreDataClass.swift */; };
		9F74A09226661FF900453411 /* CDQuestion+CoreDataProperties.swift in Sources */ = {isa = PBXBuildFile; fileRef = 9F74A09126661FF900453411 /* CDQuestion+CoreDataProperties.swift */; };
		9F74A0962666201100453411 /* CDQuiz+CoreDataProperties.swift in Sources */ = {isa = PBXBuildFile; fileRef = 9F74A0952666201100453411 /* CDQuiz+CoreDataProperties.swift */; };
		9F74A0992666202100453411 /* CDQuiz+CoreDataClass.swift in Sources */ = {isa = PBXBuildFile; fileRef = 9F74A0982666202100453411 /* CDQuiz+CoreDataClass.swift */; };
		9F74A0A42666460800453411 /* QuizCoreDataSourceProtocol.swift in Sources */ = {isa = PBXBuildFile; fileRef = 9F74A0A32666460800453411 /* QuizCoreDataSourceProtocol.swift */; };
		9F74A0A92666462700453411 /* QuizCoreDataSource.swift in Sources */ = {isa = PBXBuildFile; fileRef = 9F74A0A82666462700453411 /* QuizCoreDataSource.swift */; };
		9F74A0AC266646C000453411 /* FilterSettings.swift in Sources */ = {isa = PBXBuildFile; fileRef = 9F74A0AB266646C000453411 /* FilterSettings.swift */; };
		9F74A0B12666530B00453411 /* CoreDataStack.swift in Sources */ = {isa = PBXBuildFile; fileRef = 9F74A0B02666530B00453411 /* CoreDataStack.swift */; };
		9F74A0B42666535C00453411 /* QuizDataRepositoryProtocol.swift in Sources */ = {isa = PBXBuildFile; fileRef = 9F74A0B32666535C00453411 /* QuizDataRepositoryProtocol.swift */; };
		9F74A0B7266653AD00453411 /* QuizDataRepository.swift in Sources */ = {isa = PBXBuildFile; fileRef = 9F74A0B6266653AD00453411 /* QuizDataRepository.swift */; };
		9F74A0BD26665D3200453411 /* QuizUseCase.swift in Sources */ = {isa = PBXBuildFile; fileRef = 9F74A0BC26665D3200453411 /* QuizUseCase.swift */; };
		9FC68F332666C862000072AA /* TestController.swift in Sources */ = {isa = PBXBuildFile; fileRef = 9FC68F322666C862000072AA /* TestController.swift */; };
/* End PBXBuildFile section */

/* Begin PBXFileReference section */
		1E7A52BB1C28436B96C4C953 /* Pods_QuizApp.framework */ = {isa = PBXFileReference; explicitFileType = wrapper.framework; includeInIndex = 0; path = Pods_QuizApp.framework; sourceTree = BUILT_PRODUCTS_DIR; };
		1F2DA925B034D0074AA2684B /* Pods-QuizApp.debug.xcconfig */ = {isa = PBXFileReference; includeInIndex = 1; lastKnownFileType = text.xcconfig; name = "Pods-QuizApp.debug.xcconfig"; path = "Target Support Files/Pods-QuizApp/Pods-QuizApp.debug.xcconfig"; sourceTree = "<group>"; };
		9F4B6F3026274D3C0072BA36 /* Question.swift */ = {isa = PBXFileReference; fileEncoding = 4; lastKnownFileType = sourcecode.swift; path = Question.swift; sourceTree = "<group>"; };
		9F4B6F3126274D3C0072BA36 /* LoginStatus.swift */ = {isa = PBXFileReference; fileEncoding = 4; lastKnownFileType = sourcecode.swift; path = LoginStatus.swift; sourceTree = "<group>"; };
		9F4B6F3226274D3C0072BA36 /* Quiz.swift */ = {isa = PBXFileReference; fileEncoding = 4; lastKnownFileType = sourcecode.swift; path = Quiz.swift; sourceTree = "<group>"; };
		9F4B6F3326274D3C0072BA36 /* QuizCategory.swift */ = {isa = PBXFileReference; fileEncoding = 4; lastKnownFileType = sourcecode.swift; path = QuizCategory.swift; sourceTree = "<group>"; };
		9F4B6F3926274D600072BA36 /* DataService.swift */ = {isa = PBXFileReference; fileEncoding = 4; lastKnownFileType = sourcecode.swift; path = DataService.swift; sourceTree = "<group>"; };
		9F4B6F3A26274D600072BA36 /* DataServiceProtocol.swift */ = {isa = PBXFileReference; fileEncoding = 4; lastKnownFileType = sourcecode.swift; path = DataServiceProtocol.swift; sourceTree = "<group>"; };
		9F4B6F4F26275E6F0072BA36 /* LoginViewController.swift */ = {isa = PBXFileReference; lastKnownFileType = sourcecode.swift; path = LoginViewController.swift; sourceTree = "<group>"; };
		9F4B6F552627899E0072BA36 /* QuizzesViewController.swift */ = {isa = PBXFileReference; lastKnownFileType = sourcecode.swift; path = QuizzesViewController.swift; sourceTree = "<group>"; };
		9F6717B52645D485006B4420 /* Router.swift */ = {isa = PBXFileReference; lastKnownFileType = sourcecode.swift; path = Router.swift; sourceTree = "<group>"; };
		9F6717B92645D98B006B4420 /* QuizzesCollectionView.swift */ = {isa = PBXFileReference; lastKnownFileType = sourcecode.swift; path = QuizzesCollectionView.swift; sourceTree = "<group>"; };
		9F6717BC2645DBBF006B4420 /* QuizCellView.swift */ = {isa = PBXFileReference; lastKnownFileType = sourcecode.swift; path = QuizCellView.swift; sourceTree = "<group>"; };
		9F6717BF2646860B006B4420 /* RatingView.swift */ = {isa = PBXFileReference; lastKnownFileType = sourcecode.swift; path = RatingView.swift; sourceTree = "<group>"; };
		9F6717C226468D7A006B4420 /* TabBarController.swift */ = {isa = PBXFileReference; lastKnownFileType = sourcecode.swift; path = TabBarController.swift; sourceTree = "<group>"; };
		9F6717C9264695F6006B4420 /* SearchViewController.swift */ = {isa = PBXFileReference; lastKnownFileType = sourcecode.swift; path = SearchViewController.swift; sourceTree = "<group>"; };
		9F6717CC2646960A006B4420 /* SettingsViewController.swift */ = {isa = PBXFileReference; lastKnownFileType = sourcecode.swift; path = SettingsViewController.swift; sourceTree = "<group>"; };
		9F6717D226469780006B4420 /* QuizViewController.swift */ = {isa = PBXFileReference; lastKnownFileType = sourcecode.swift; path = QuizViewController.swift; sourceTree = "<group>"; };
		9F6717D5264697F0006B4420 /* QuizHeaderView.swift */ = {isa = PBXFileReference; lastKnownFileType = sourcecode.swift; path = QuizHeaderView.swift; sourceTree = "<group>"; };
		9F6717D8264698DB006B4420 /* QuizButton.swift */ = {isa = PBXFileReference; lastKnownFileType = sourcecode.swift; path = QuizButton.swift; sourceTree = "<group>"; };
		9F6717DF264699D0006B4420 /* QuestionTrackerView.swift */ = {isa = PBXFileReference; lastKnownFileType = sourcecode.swift; path = QuestionTrackerView.swift; sourceTree = "<group>"; };
		9F6717E226469A38006B4420 /* QuizResponse.swift */ = {isa = PBXFileReference; lastKnownFileType = sourcecode.swift; path = QuizResponse.swift; sourceTree = "<group>"; };
		9F6717E526469A75006B4420 /* ResultViewController.swift */ = {isa = PBXFileReference; lastKnownFileType = sourcecode.swift; path = ResultViewController.swift; sourceTree = "<group>"; };
		9F6A3CE42626C7C800F1D908 /* QuizApp.app */ = {isa = PBXFileReference; explicitFileType = wrapper.application; includeInIndex = 0; path = QuizApp.app; sourceTree = BUILT_PRODUCTS_DIR; };
		9F6A3CE72626C7C800F1D908 /* AppDelegate.swift */ = {isa = PBXFileReference; lastKnownFileType = sourcecode.swift; path = AppDelegate.swift; sourceTree = "<group>"; };
		9F6A3CE92626C7C800F1D908 /* SceneDelegate.swift */ = {isa = PBXFileReference; lastKnownFileType = sourcecode.swift; path = SceneDelegate.swift; sourceTree = "<group>"; };
		9F6A3CEE2626C7C800F1D908 /* Base */ = {isa = PBXFileReference; lastKnownFileType = file.storyboard; name = Base; path = Base.lproj/Main.storyboard; sourceTree = "<group>"; };
		9F6A3CF02626C7CB00F1D908 /* Assets.xcassets */ = {isa = PBXFileReference; lastKnownFileType = folder.assetcatalog; path = Assets.xcassets; sourceTree = "<group>"; };
		9F6A3CF32626C7CB00F1D908 /* Base */ = {isa = PBXFileReference; lastKnownFileType = file.storyboard; name = Base; path = Base.lproj/LaunchScreen.storyboard; sourceTree = "<group>"; };
		9F6A3CF52626C7CB00F1D908 /* Info.plist */ = {isa = PBXFileReference; lastKnownFileType = text.plist.xml; path = Info.plist; sourceTree = "<group>"; };
		9F74A01126639DB900453411 /* NetworkService.swift */ = {isa = PBXFileReference; lastKnownFileType = sourcecode.swift; path = NetworkService.swift; sourceTree = "<group>"; };
		9F74A01426639FF900453411 /* NetworkServiceProtocol.swift */ = {isa = PBXFileReference; lastKnownFileType = sourcecode.swift; path = NetworkServiceProtocol.swift; sourceTree = "<group>"; };
		9F74A0252663D83500453411 /* Result.swift */ = {isa = PBXFileReference; lastKnownFileType = sourcecode.swift; path = Result.swift; sourceTree = "<group>"; };
		9F74A0282663D85300453411 /* RequestError.swift */ = {isa = PBXFileReference; lastKnownFileType = sourcecode.swift; path = RequestError.swift; sourceTree = "<group>"; };
		9F74A02C2663D88100453411 /* ResponseError.swift */ = {isa = PBXFileReference; lastKnownFileType = sourcecode.swift; path = ResponseError.swift; sourceTree = "<group>"; };
		9F74A0302663D8DF00453411 /* LoginResponseData.swift */ = {isa = PBXFileReference; lastKnownFileType = sourcecode.swift; path = LoginResponseData.swift; sourceTree = "<group>"; };
		9F74A0342664008800453411 /* QuizzesLogic.swift */ = {isa = PBXFileReference; lastKnownFileType = sourcecode.swift; path = QuizzesLogic.swift; sourceTree = "<group>"; };
		9F74A038266411C800453411 /* QuizzesResponseData.swift */ = {isa = PBXFileReference; lastKnownFileType = sourcecode.swift; path = QuizzesResponseData.swift; sourceTree = "<group>"; };
		9F74A03D2664144800453411 /* LoginLogic.swift */ = {isa = PBXFileReference; lastKnownFileType = sourcecode.swift; path = LoginLogic.swift; sourceTree = "<group>"; };
		9F74A0402665026E00453411 /* QuizLogic.swift */ = {isa = PBXFileReference; lastKnownFileType = sourcecode.swift; path = QuizLogic.swift; sourceTree = "<group>"; };
		9F74A043266502E000453411 /* QuizResult.swift */ = {isa = PBXFileReference; lastKnownFileType = sourcecode.swift; path = QuizResult.swift; sourceTree = "<group>"; };
		9F74A05226660F9F00453411 /* Model.xcdatamodel */ = {isa = PBXFileReference; lastKnownFileType = wrapper.xcdatamodel; path = Model.xcdatamodel; sourceTree = "<group>"; };
		9F74A0762666161300453411 /* Quiz+CD.swift */ = {isa = PBXFileReference; lastKnownFileType = sourcecode.swift; path = "Quiz+CD.swift"; sourceTree = "<group>"; };
		9F74A08326661DC000453411 /* Question+CD.swift */ = {isa = PBXFileReference; lastKnownFileType = sourcecode.swift; path = "Question+CD.swift"; sourceTree = "<group>"; };
		9F74A08C26661F2F00453411 /* CDQuestion+CoreDataClass.swift */ = {isa = PBXFileReference; lastKnownFileType = sourcecode.swift; path = "CDQuestion+CoreDataClass.swift"; sourceTree = "<group>"; };
		9F74A09126661FF900453411 /* CDQuestion+CoreDataProperties.swift */ = {isa = PBXFileReference; lastKnownFileType = sourcecode.swift; path = "CDQuestion+CoreDataProperties.swift"; sourceTree = "<group>"; };
		9F74A0952666201100453411 /* CDQuiz+CoreDataProperties.swift */ = {isa = PBXFileReference; lastKnownFileType = sourcecode.swift; path = "CDQuiz+CoreDataProperties.swift"; sourceTree = "<group>"; };
		9F74A0982666202100453411 /* CDQuiz+CoreDataClass.swift */ = {isa = PBXFileReference; lastKnownFileType = sourcecode.swift; path = "CDQuiz+CoreDataClass.swift"; sourceTree = "<group>"; };
		9F74A0A32666460800453411 /* QuizCoreDataSourceProtocol.swift */ = {isa = PBXFileReference; lastKnownFileType = sourcecode.swift; path = QuizCoreDataSourceProtocol.swift; sourceTree = "<group>"; };
		9F74A0A82666462700453411 /* QuizCoreDataSource.swift */ = {isa = PBXFileReference; lastKnownFileType = sourcecode.swift; path = QuizCoreDataSource.swift; sourceTree = "<group>"; };
		9F74A0AB266646C000453411 /* FilterSettings.swift */ = {isa = PBXFileReference; lastKnownFileType = sourcecode.swift; path = FilterSettings.swift; sourceTree = "<group>"; };
		9F74A0B02666530B00453411 /* CoreDataStack.swift */ = {isa = PBXFileReference; lastKnownFileType = sourcecode.swift; path = CoreDataStack.swift; sourceTree = "<group>"; };
		9F74A0B32666535C00453411 /* QuizDataRepositoryProtocol.swift */ = {isa = PBXFileReference; lastKnownFileType = sourcecode.swift; path = QuizDataRepositoryProtocol.swift; sourceTree = "<group>"; };
		9F74A0B6266653AD00453411 /* QuizDataRepository.swift */ = {isa = PBXFileReference; lastKnownFileType = sourcecode.swift; path = QuizDataRepository.swift; sourceTree = "<group>"; };
		9F74A0BC26665D3200453411 /* QuizUseCase.swift */ = {isa = PBXFileReference; lastKnownFileType = sourcecode.swift; path = QuizUseCase.swift; sourceTree = "<group>"; };
		9FC68F322666C862000072AA /* TestController.swift */ = {isa = PBXFileReference; lastKnownFileType = sourcecode.swift; path = TestController.swift; sourceTree = "<group>"; };
		D91BBC6EA0BAEE755BEED37F /* Pods-QuizApp.release.xcconfig */ = {isa = PBXFileReference; includeInIndex = 1; lastKnownFileType = text.xcconfig; name = "Pods-QuizApp.release.xcconfig"; path = "Target Support Files/Pods-QuizApp/Pods-QuizApp.release.xcconfig"; sourceTree = "<group>"; };
/* End PBXFileReference section */

/* Begin PBXFrameworksBuildPhase section */
		9F6A3CE12626C7C800F1D908 /* Frameworks */ = {
			isa = PBXFrameworksBuildPhase;
			buildActionMask = 2147483647;
			files = (
				13C3238B85BE4D540DCA614C /* Pods_QuizApp.framework in Frameworks */,
			);
			runOnlyForDeploymentPostprocessing = 0;
		};
/* End PBXFrameworksBuildPhase section */

/* Begin PBXGroup section */
		56AF84F30561017A85015594 /* Frameworks */ = {
			isa = PBXGroup;
			children = (
				1E7A52BB1C28436B96C4C953 /* Pods_QuizApp.framework */,
			);
			name = Frameworks;
			sourceTree = "<group>";
		};
		9F4B6F1926274C6B0072BA36 /* Models */ = {
			isa = PBXGroup;
			children = (
				9F4B6F3126274D3C0072BA36 /* LoginStatus.swift */,
				9F4B6F3026274D3C0072BA36 /* Question.swift */,
				9F74A08326661DC000453411 /* Question+CD.swift */,
				9F4B6F3226274D3C0072BA36 /* Quiz.swift */,
				9F74A0762666161300453411 /* Quiz+CD.swift */,
				9F4B6F3326274D3C0072BA36 /* QuizCategory.swift */,
				9F6717E226469A38006B4420 /* QuizResponse.swift */,
				9F74A0252663D83500453411 /* Result.swift */,
				9F74A0282663D85300453411 /* RequestError.swift */,
				9F74A02C2663D88100453411 /* ResponseError.swift */,
				9F74A0302663D8DF00453411 /* LoginResponseData.swift */,
				9F74A038266411C800453411 /* QuizzesResponseData.swift */,
				9F74A043266502E000453411 /* QuizResult.swift */,
				9F74A0AB266646C000453411 /* FilterSettings.swift */,
			);
			path = Models;
			sourceTree = "<group>";
		};
		9F4B6F4926274EF70072BA36 /* Services */ = {
			isa = PBXGroup;
			children = (
				9F4B6F3926274D600072BA36 /* DataService.swift */,
				9F4B6F3A26274D600072BA36 /* DataServiceProtocol.swift */,
				9F74A01126639DB900453411 /* NetworkService.swift */,
				9F74A01426639FF900453411 /* NetworkServiceProtocol.swift */,
			);
			path = Services;
			sourceTree = "<group>";
		};
		9F6717AD2645D146006B4420 /* Controllers */ = {
			isa = PBXGroup;
			children = (
				9F4B6F552627899E0072BA36 /* QuizzesViewController.swift */,
				9F4B6F4F26275E6F0072BA36 /* LoginViewController.swift */,
				9F6717C226468D7A006B4420 /* TabBarController.swift */,
				9F6717C9264695F6006B4420 /* SearchViewController.swift */,
				9F6717CC2646960A006B4420 /* SettingsViewController.swift */,
				9F6717D226469780006B4420 /* QuizViewController.swift */,
				9F6717E526469A75006B4420 /* ResultViewController.swift */,
				9FC68F322666C862000072AA /* TestController.swift */,
			);
			path = Controllers;
			sourceTree = "<group>";
		};
		9F6717B22645D3B1006B4420 /* Router */ = {
			isa = PBXGroup;
			children = (
				9F6717B52645D485006B4420 /* Router.swift */,
			);
			path = Router;
			sourceTree = "<group>";
		};
		9F6717B42645D3C3006B4420 /* Views */ = {
			isa = PBXGroup;
			children = (
				9F6717D0264696FE006B4420 /* Quiz */,
				9F6717CF264696EA006B4420 /* Quizzes */,
			);
			path = Views;
			sourceTree = "<group>";
		};
		9F6717CF264696EA006B4420 /* Quizzes */ = {
			isa = PBXGroup;
			children = (
				9F6717B92645D98B006B4420 /* QuizzesCollectionView.swift */,
				9F6717BC2645DBBF006B4420 /* QuizCellView.swift */,
				9F6717BF2646860B006B4420 /* RatingView.swift */,
				9F6717D5264697F0006B4420 /* QuizHeaderView.swift */,
			);
			path = Quizzes;
			sourceTree = "<group>";
		};
		9F6717D0264696FE006B4420 /* Quiz */ = {
			isa = PBXGroup;
			children = (
				9F6717D8264698DB006B4420 /* QuizButton.swift */,
				9F6717DF264699D0006B4420 /* QuestionTrackerView.swift */,
			);
			path = Quiz;
			sourceTree = "<group>";
		};
		9F6A3CDB2626C7C800F1D908 = {
			isa = PBXGroup;
			children = (
				9F6A3CE62626C7C800F1D908 /* QuizApp */,
				9F6A3CE52626C7C800F1D908 /* Products */,
				F89D646B2E9CBC1944F68A45 /* Pods */,
				56AF84F30561017A85015594 /* Frameworks */,
			);
			sourceTree = "<group>";
		};
		9F6A3CE52626C7C800F1D908 /* Products */ = {
			isa = PBXGroup;
			children = (
				9F6A3CE42626C7C800F1D908 /* QuizApp.app */,
			);
			name = Products;
			sourceTree = "<group>";
		};
		9F6A3CE62626C7C800F1D908 /* QuizApp */ = {
			isa = PBXGroup;
			children = (
				9F74A0332664006900453411 /* Presentation */,
				9F6717B42645D3C3006B4420 /* Views */,
				9F6717B22645D3B1006B4420 /* Router */,
				9F6717AD2645D146006B4420 /* Controllers */,
				9F6A3CE72626C7C800F1D908 /* AppDelegate.swift */,
				9F6A3CE92626C7C800F1D908 /* SceneDelegate.swift */,
				9F6A3CED2626C7C800F1D908 /* Main.storyboard */,
				9F6A3CF02626C7CB00F1D908 /* Assets.xcassets */,
				9F6A3CF22626C7CB00F1D908 /* LaunchScreen.storyboard */,
				9F6A3CF52626C7CB00F1D908 /* Info.plist */,
				9F74A0BB26665D0700453411 /* Domain */,
				9F74A04D26660EB400453411 /* Data */,
			);
			path = QuizApp;
			sourceTree = "<group>";
		};
		9F74A0332664006900453411 /* Presentation */ = {
			isa = PBXGroup;
			children = (
				9F74A0342664008800453411 /* QuizzesLogic.swift */,
				9F74A03D2664144800453411 /* LoginLogic.swift */,
				9F74A0402665026E00453411 /* QuizLogic.swift */,
			);
			path = Presentation;
			sourceTree = "<group>";
		};
		9F74A04C26660D9900453411 /* DataSources */ = {
			isa = PBXGroup;
			children = (
				9F74A04F26660F5000453411 /* CoreData */,
				9F4B6F4926274EF70072BA36 /* Services */,
			);
			path = DataSources;
			sourceTree = "<group>";
		};
		9F74A04D26660EB400453411 /* Data */ = {
			isa = PBXGroup;
			children = (
				9F4B6F1926274C6B0072BA36 /* Models */,
				9F74A04E26660EF500453411 /* Repository */,
				9F74A04C26660D9900453411 /* DataSources */,
			);
			path = Data;
			sourceTree = "<group>";
		};
		9F74A04E26660EF500453411 /* Repository */ = {
			isa = PBXGroup;
			children = (
				9F74A0B32666535C00453411 /* QuizDataRepositoryProtocol.swift */,
				9F74A0B6266653AD00453411 /* QuizDataRepository.swift */,
			);
			path = Repository;
			sourceTree = "<group>";
		};
		9F74A04F26660F5000453411 /* CoreData */ = {
			isa = PBXGroup;
			children = (
				9F74A05026660F7000453411 /* ManagedModels */,
				9F74A05126660F9F00453411 /* Model.xcdatamodeld */,
				9F74A0A32666460800453411 /* QuizCoreDataSourceProtocol.swift */,
				9F74A0A82666462700453411 /* QuizCoreDataSource.swift */,
				9F74A0B02666530B00453411 /* CoreDataStack.swift */,
			);
			path = CoreData;
			sourceTree = "<group>";
		};
		9F74A05026660F7000453411 /* ManagedModels */ = {
			isa = PBXGroup;
			children = (
				9F74A08C26661F2F00453411 /* CDQuestion+CoreDataClass.swift */,
				9F74A09126661FF900453411 /* CDQuestion+CoreDataProperties.swift */,
				9F74A0952666201100453411 /* CDQuiz+CoreDataProperties.swift */,
				9F74A0982666202100453411 /* CDQuiz+CoreDataClass.swift */,
			);
			path = ManagedModels;
			sourceTree = "<group>";
		};
		9F74A0BB26665D0700453411 /* Domain */ = {
			isa = PBXGroup;
			children = (
				9F74A0BC26665D3200453411 /* QuizUseCase.swift */,
			);
			path = Domain;
			sourceTree = "<group>";
		};
		F89D646B2E9CBC1944F68A45 /* Pods */ = {
			isa = PBXGroup;
			children = (
				1F2DA925B034D0074AA2684B /* Pods-QuizApp.debug.xcconfig */,
				D91BBC6EA0BAEE755BEED37F /* Pods-QuizApp.release.xcconfig */,
			);
			path = Pods;
			sourceTree = "<group>";
		};
/* End PBXGroup section */

/* Begin PBXNativeTarget section */
		9F6A3CE32626C7C800F1D908 /* QuizApp */ = {
			isa = PBXNativeTarget;
			buildConfigurationList = 9F6A3CF82626C7CB00F1D908 /* Build configuration list for PBXNativeTarget "QuizApp" */;
			buildPhases = (
				3120101821CAF762BF7F0A4F /* [CP] Check Pods Manifest.lock */,
				9F6A3CE02626C7C800F1D908 /* Sources */,
				9F6A3CE12626C7C800F1D908 /* Frameworks */,
				9F6A3CE22626C7C800F1D908 /* Resources */,
				425EAF84CB7ECB0F363AAC9F /* [CP] Embed Pods Frameworks */,
			);
			buildRules = (
			);
			dependencies = (
			);
			name = QuizApp;
			productName = QuizApp;
			productReference = 9F6A3CE42626C7C800F1D908 /* QuizApp.app */;
			productType = "com.apple.product-type.application";
		};
/* End PBXNativeTarget section */

/* Begin PBXProject section */
		9F6A3CDC2626C7C800F1D908 /* Project object */ = {
			isa = PBXProject;
			attributes = {
				LastSwiftUpdateCheck = 1240;
				LastUpgradeCheck = 1240;
				TargetAttributes = {
					9F6A3CE32626C7C800F1D908 = {
						CreatedOnToolsVersion = 12.4;
					};
				};
			};
			buildConfigurationList = 9F6A3CDF2626C7C800F1D908 /* Build configuration list for PBXProject "QuizApp" */;
			compatibilityVersion = "Xcode 9.3";
			developmentRegion = en;
			hasScannedForEncodings = 0;
			knownRegions = (
				en,
				Base,
			);
			mainGroup = 9F6A3CDB2626C7C800F1D908;
			productRefGroup = 9F6A3CE52626C7C800F1D908 /* Products */;
			projectDirPath = "";
			projectRoot = "";
			targets = (
				9F6A3CE32626C7C800F1D908 /* QuizApp */,
			);
		};
/* End PBXProject section */

/* Begin PBXResourcesBuildPhase section */
		9F6A3CE22626C7C800F1D908 /* Resources */ = {
			isa = PBXResourcesBuildPhase;
			buildActionMask = 2147483647;
			files = (
				9F6A3CF42626C7CB00F1D908 /* LaunchScreen.storyboard in Resources */,
				9F6A3CF12626C7CB00F1D908 /* Assets.xcassets in Resources */,
				9F6A3CEF2626C7C800F1D908 /* Main.storyboard in Resources */,
			);
			runOnlyForDeploymentPostprocessing = 0;
		};
/* End PBXResourcesBuildPhase section */

/* Begin PBXShellScriptBuildPhase section */
		3120101821CAF762BF7F0A4F /* [CP] Check Pods Manifest.lock */ = {
			isa = PBXShellScriptBuildPhase;
			buildActionMask = 2147483647;
			files = (
			);
			inputFileListPaths = (
			);
			inputPaths = (
				"${PODS_PODFILE_DIR_PATH}/Podfile.lock",
				"${PODS_ROOT}/Manifest.lock",
			);
			name = "[CP] Check Pods Manifest.lock";
			outputFileListPaths = (
			);
			outputPaths = (
				"$(DERIVED_FILE_DIR)/Pods-QuizApp-checkManifestLockResult.txt",
			);
			runOnlyForDeploymentPostprocessing = 0;
			shellPath = /bin/sh;
			shellScript = "diff \"${PODS_PODFILE_DIR_PATH}/Podfile.lock\" \"${PODS_ROOT}/Manifest.lock\" > /dev/null\nif [ $? != 0 ] ; then\n    # print error to STDERR\n    echo \"error: The sandbox is not in sync with the Podfile.lock. Run 'pod install' or update your CocoaPods installation.\" >&2\n    exit 1\nfi\n# This output is used by Xcode 'outputs' to avoid re-running this script phase.\necho \"SUCCESS\" > \"${SCRIPT_OUTPUT_FILE_0}\"\n";
			showEnvVarsInLog = 0;
		};
		425EAF84CB7ECB0F363AAC9F /* [CP] Embed Pods Frameworks */ = {
			isa = PBXShellScriptBuildPhase;
			buildActionMask = 2147483647;
			files = (
			);
			inputFileListPaths = (
				"${PODS_ROOT}/Target Support Files/Pods-QuizApp/Pods-QuizApp-frameworks-${CONFIGURATION}-input-files.xcfilelist",
			);
			name = "[CP] Embed Pods Frameworks";
			outputFileListPaths = (
				"${PODS_ROOT}/Target Support Files/Pods-QuizApp/Pods-QuizApp-frameworks-${CONFIGURATION}-output-files.xcfilelist",
			);
			runOnlyForDeploymentPostprocessing = 0;
			shellPath = /bin/sh;
			shellScript = "\"${PODS_ROOT}/Target Support Files/Pods-QuizApp/Pods-QuizApp-frameworks.sh\"\n";
			showEnvVarsInLog = 0;
		};
/* End PBXShellScriptBuildPhase section */

/* Begin PBXSourcesBuildPhase section */
		9F6A3CE02626C7C800F1D908 /* Sources */ = {
			isa = PBXSourcesBuildPhase;
			buildActionMask = 2147483647;
			files = (
				9F4B6F562627899E0072BA36 /* QuizzesViewController.swift in Sources */,
				9F74A0292663D85300453411 /* RequestError.swift in Sources */,
				9F6717C326468D7A006B4420 /* TabBarController.swift in Sources */,
				9F74A0992666202100453411 /* CDQuiz+CoreDataClass.swift in Sources */,
				9F4B6F3726274D3C0072BA36 /* QuizCategory.swift in Sources */,
				9F74A0412665026E00453411 /* QuizLogic.swift in Sources */,
				9F74A039266411C800453411 /* QuizzesResponseData.swift in Sources */,
				9F74A0A92666462700453411 /* QuizCoreDataSource.swift in Sources */,
				9F6717C02646860B006B4420 /* RatingView.swift in Sources */,
				9F4B6F3526274D3C0072BA36 /* LoginStatus.swift in Sources */,
				9F74A09226661FF900453411 /* CDQuestion+CoreDataProperties.swift in Sources */,
				9F74A0962666201100453411 /* CDQuiz+CoreDataProperties.swift in Sources */,
				9F74A02D2663D88100453411 /* ResponseError.swift in Sources */,
				9F6717B62645D485006B4420 /* Router.swift in Sources */,
				9F74A0AC266646C000453411 /* FilterSettings.swift in Sources */,
				9F6717E0264699D0006B4420 /* QuestionTrackerView.swift in Sources */,
				9F6717D6264697F0006B4420 /* QuizHeaderView.swift in Sources */,
				9F4B6F5026275E6F0072BA36 /* LoginViewController.swift in Sources */,
				9F6717E326469A38006B4420 /* QuizResponse.swift in Sources */,
				9F74A01226639DB900453411 /* NetworkService.swift in Sources */,
				9FC68F332666C862000072AA /* TestController.swift in Sources */,
				9F6717E626469A75006B4420 /* ResultViewController.swift in Sources */,
				9F4B6F3C26274D600072BA36 /* DataServiceProtocol.swift in Sources */,
				9F74A05326660F9F00453411 /* Model.xcdatamodeld in Sources */,
				9F6717BD2645DBBF006B4420 /* QuizCellView.swift in Sources */,
				9F74A0262663D83500453411 /* Result.swift in Sources */,
				9F74A03E2664144800453411 /* LoginLogic.swift in Sources */,
				9F74A01526639FF900453411 /* NetworkServiceProtocol.swift in Sources */,
				9F4B6F3626274D3C0072BA36 /* Quiz.swift in Sources */,
				9F74A0B42666535C00453411 /* QuizDataRepositoryProtocol.swift in Sources */,
				9F74A0B7266653AD00453411 /* QuizDataRepository.swift in Sources */,
				9F74A0A42666460800453411 /* QuizCoreDataSourceProtocol.swift in Sources */,
				9F74A08426661DC000453411 /* Question+CD.swift in Sources */,
				9F74A0B12666530B00453411 /* CoreDataStack.swift in Sources */,
				9F74A0BD26665D3200453411 /* QuizUseCase.swift in Sources */,
				9F74A0772666161300453411 /* Quiz+CD.swift in Sources */,
				9F6717CA264695F6006B4420 /* SearchViewController.swift in Sources */,
				9F74A08D26661F2F00453411 /* CDQuestion+CoreDataClass.swift in Sources */,
				9F4B6F3426274D3C0072BA36 /* Question.swift in Sources */,
				9F6717CD2646960A006B4420 /* SettingsViewController.swift in Sources */,
				9F6717BA2645D98B006B4420 /* QuizzesCollectionView.swift in Sources */,
				9F74A0312663D8DF00453411 /* LoginResponseData.swift in Sources */,
				9F6A3CE82626C7C800F1D908 /* AppDelegate.swift in Sources */,
				9F6717D9264698DB006B4420 /* QuizButton.swift in Sources */,
				9F74A044266502E000453411 /* QuizResult.swift in Sources */,
				9F74A0352664008800453411 /* QuizzesLogic.swift in Sources */,
				9F6717D326469780006B4420 /* QuizViewController.swift in Sources */,
				9F6A3CEA2626C7C800F1D908 /* SceneDelegate.swift in Sources */,
				9F4B6F3B26274D600072BA36 /* DataService.swift in Sources */,
			);
			runOnlyForDeploymentPostprocessing = 0;
		};
/* End PBXSourcesBuildPhase section */

/* Begin PBXVariantGroup section */
		9F6A3CED2626C7C800F1D908 /* Main.storyboard */ = {
			isa = PBXVariantGroup;
			children = (
				9F6A3CEE2626C7C800F1D908 /* Base */,
			);
			name = Main.storyboard;
			sourceTree = "<group>";
		};
		9F6A3CF22626C7CB00F1D908 /* LaunchScreen.storyboard */ = {
			isa = PBXVariantGroup;
			children = (
				9F6A3CF32626C7CB00F1D908 /* Base */,
			);
			name = LaunchScreen.storyboard;
			sourceTree = "<group>";
		};
/* End PBXVariantGroup section */

/* Begin XCBuildConfiguration section */
		9F6A3CF62626C7CB00F1D908 /* Debug */ = {
			isa = XCBuildConfiguration;
			buildSettings = {
				ALWAYS_SEARCH_USER_PATHS = NO;
				CLANG_ANALYZER_NONNULL = YES;
				CLANG_ANALYZER_NUMBER_OBJECT_CONVERSION = YES_AGGRESSIVE;
				CLANG_CXX_LANGUAGE_STANDARD = "gnu++14";
				CLANG_CXX_LIBRARY = "libc++";
				CLANG_ENABLE_MODULES = YES;
				CLANG_ENABLE_OBJC_ARC = YES;
				CLANG_ENABLE_OBJC_WEAK = YES;
				CLANG_WARN_BLOCK_CAPTURE_AUTORELEASING = YES;
				CLANG_WARN_BOOL_CONVERSION = YES;
				CLANG_WARN_COMMA = YES;
				CLANG_WARN_CONSTANT_CONVERSION = YES;
				CLANG_WARN_DEPRECATED_OBJC_IMPLEMENTATIONS = YES;
				CLANG_WARN_DIRECT_OBJC_ISA_USAGE = YES_ERROR;
				CLANG_WARN_DOCUMENTATION_COMMENTS = YES;
				CLANG_WARN_EMPTY_BODY = YES;
				CLANG_WARN_ENUM_CONVERSION = YES;
				CLANG_WARN_INFINITE_RECURSION = YES;
				CLANG_WARN_INT_CONVERSION = YES;
				CLANG_WARN_NON_LITERAL_NULL_CONVERSION = YES;
				CLANG_WARN_OBJC_IMPLICIT_RETAIN_SELF = YES;
				CLANG_WARN_OBJC_LITERAL_CONVERSION = YES;
				CLANG_WARN_OBJC_ROOT_CLASS = YES_ERROR;
				CLANG_WARN_QUOTED_INCLUDE_IN_FRAMEWORK_HEADER = YES;
				CLANG_WARN_RANGE_LOOP_ANALYSIS = YES;
				CLANG_WARN_STRICT_PROTOTYPES = YES;
				CLANG_WARN_SUSPICIOUS_MOVE = YES;
				CLANG_WARN_UNGUARDED_AVAILABILITY = YES_AGGRESSIVE;
				CLANG_WARN_UNREACHABLE_CODE = YES;
				CLANG_WARN__DUPLICATE_METHOD_MATCH = YES;
				COPY_PHASE_STRIP = NO;
				DEBUG_INFORMATION_FORMAT = dwarf;
				ENABLE_STRICT_OBJC_MSGSEND = YES;
				ENABLE_TESTABILITY = YES;
				GCC_C_LANGUAGE_STANDARD = gnu11;
				GCC_DYNAMIC_NO_PIC = NO;
				GCC_NO_COMMON_BLOCKS = YES;
				GCC_OPTIMIZATION_LEVEL = 0;
				GCC_PREPROCESSOR_DEFINITIONS = (
					"DEBUG=1",
					"$(inherited)",
				);
				GCC_WARN_64_TO_32_BIT_CONVERSION = YES;
				GCC_WARN_ABOUT_RETURN_TYPE = YES_ERROR;
				GCC_WARN_UNDECLARED_SELECTOR = YES;
				GCC_WARN_UNINITIALIZED_AUTOS = YES_AGGRESSIVE;
				GCC_WARN_UNUSED_FUNCTION = YES;
				GCC_WARN_UNUSED_VARIABLE = YES;
				IPHONEOS_DEPLOYMENT_TARGET = 14.4;
				MTL_ENABLE_DEBUG_INFO = INCLUDE_SOURCE;
				MTL_FAST_MATH = YES;
				ONLY_ACTIVE_ARCH = YES;
				SDKROOT = iphoneos;
				SWIFT_ACTIVE_COMPILATION_CONDITIONS = DEBUG;
				SWIFT_OPTIMIZATION_LEVEL = "-Onone";
			};
			name = Debug;
		};
		9F6A3CF72626C7CB00F1D908 /* Release */ = {
			isa = XCBuildConfiguration;
			buildSettings = {
				ALWAYS_SEARCH_USER_PATHS = NO;
				CLANG_ANALYZER_NONNULL = YES;
				CLANG_ANALYZER_NUMBER_OBJECT_CONVERSION = YES_AGGRESSIVE;
				CLANG_CXX_LANGUAGE_STANDARD = "gnu++14";
				CLANG_CXX_LIBRARY = "libc++";
				CLANG_ENABLE_MODULES = YES;
				CLANG_ENABLE_OBJC_ARC = YES;
				CLANG_ENABLE_OBJC_WEAK = YES;
				CLANG_WARN_BLOCK_CAPTURE_AUTORELEASING = YES;
				CLANG_WARN_BOOL_CONVERSION = YES;
				CLANG_WARN_COMMA = YES;
				CLANG_WARN_CONSTANT_CONVERSION = YES;
				CLANG_WARN_DEPRECATED_OBJC_IMPLEMENTATIONS = YES;
				CLANG_WARN_DIRECT_OBJC_ISA_USAGE = YES_ERROR;
				CLANG_WARN_DOCUMENTATION_COMMENTS = YES;
				CLANG_WARN_EMPTY_BODY = YES;
				CLANG_WARN_ENUM_CONVERSION = YES;
				CLANG_WARN_INFINITE_RECURSION = YES;
				CLANG_WARN_INT_CONVERSION = YES;
				CLANG_WARN_NON_LITERAL_NULL_CONVERSION = YES;
				CLANG_WARN_OBJC_IMPLICIT_RETAIN_SELF = YES;
				CLANG_WARN_OBJC_LITERAL_CONVERSION = YES;
				CLANG_WARN_OBJC_ROOT_CLASS = YES_ERROR;
				CLANG_WARN_QUOTED_INCLUDE_IN_FRAMEWORK_HEADER = YES;
				CLANG_WARN_RANGE_LOOP_ANALYSIS = YES;
				CLANG_WARN_STRICT_PROTOTYPES = YES;
				CLANG_WARN_SUSPICIOUS_MOVE = YES;
				CLANG_WARN_UNGUARDED_AVAILABILITY = YES_AGGRESSIVE;
				CLANG_WARN_UNREACHABLE_CODE = YES;
				CLANG_WARN__DUPLICATE_METHOD_MATCH = YES;
				COPY_PHASE_STRIP = NO;
				DEBUG_INFORMATION_FORMAT = "dwarf-with-dsym";
				ENABLE_NS_ASSERTIONS = NO;
				ENABLE_STRICT_OBJC_MSGSEND = YES;
				GCC_C_LANGUAGE_STANDARD = gnu11;
				GCC_NO_COMMON_BLOCKS = YES;
				GCC_WARN_64_TO_32_BIT_CONVERSION = YES;
				GCC_WARN_ABOUT_RETURN_TYPE = YES_ERROR;
				GCC_WARN_UNDECLARED_SELECTOR = YES;
				GCC_WARN_UNINITIALIZED_AUTOS = YES_AGGRESSIVE;
				GCC_WARN_UNUSED_FUNCTION = YES;
				GCC_WARN_UNUSED_VARIABLE = YES;
				IPHONEOS_DEPLOYMENT_TARGET = 14.4;
				MTL_ENABLE_DEBUG_INFO = NO;
				MTL_FAST_MATH = YES;
				SDKROOT = iphoneos;
				SWIFT_COMPILATION_MODE = wholemodule;
				SWIFT_OPTIMIZATION_LEVEL = "-O";
				VALIDATE_PRODUCT = YES;
			};
			name = Release;
		};
		9F6A3CF92626C7CB00F1D908 /* Debug */ = {
			isa = XCBuildConfiguration;
			baseConfigurationReference = 1F2DA925B034D0074AA2684B /* Pods-QuizApp.debug.xcconfig */;
			buildSettings = {
				ASSETCATALOG_COMPILER_APPICON_NAME = AppIcon;
				ASSETCATALOG_COMPILER_GLOBAL_ACCENT_COLOR_NAME = AccentColor;
				CODE_SIGN_STYLE = Automatic;
				DEVELOPMENT_TEAM = J6AP8RY97P;
				INFOPLIST_FILE = QuizApp/Info.plist;
				LD_RUNPATH_SEARCH_PATHS = (
					"$(inherited)",
					"@executable_path/Frameworks",
				);
				PRODUCT_BUNDLE_IDENTIFIER = hr.fer.vrkic.ivan.QuizApp;
				PRODUCT_NAME = "$(TARGET_NAME)";
				SWIFT_VERSION = 5.0;
				TARGETED_DEVICE_FAMILY = "1,2";
			};
			name = Debug;
		};
		9F6A3CFA2626C7CB00F1D908 /* Release */ = {
			isa = XCBuildConfiguration;
			baseConfigurationReference = D91BBC6EA0BAEE755BEED37F /* Pods-QuizApp.release.xcconfig */;
			buildSettings = {
				ASSETCATALOG_COMPILER_APPICON_NAME = AppIcon;
				ASSETCATALOG_COMPILER_GLOBAL_ACCENT_COLOR_NAME = AccentColor;
				CODE_SIGN_STYLE = Automatic;
				DEVELOPMENT_TEAM = J6AP8RY97P;
				INFOPLIST_FILE = QuizApp/Info.plist;
				LD_RUNPATH_SEARCH_PATHS = (
					"$(inherited)",
					"@executable_path/Frameworks",
				);
				PRODUCT_BUNDLE_IDENTIFIER = hr.fer.vrkic.ivan.QuizApp;
				PRODUCT_NAME = "$(TARGET_NAME)";
				SWIFT_VERSION = 5.0;
				TARGETED_DEVICE_FAMILY = "1,2";
			};
			name = Release;
		};
/* End XCBuildConfiguration section */

/* Begin XCConfigurationList section */
		9F6A3CDF2626C7C800F1D908 /* Build configuration list for PBXProject "QuizApp" */ = {
			isa = XCConfigurationList;
			buildConfigurations = (
				9F6A3CF62626C7CB00F1D908 /* Debug */,
				9F6A3CF72626C7CB00F1D908 /* Release */,
			);
			defaultConfigurationIsVisible = 0;
			defaultConfigurationName = Release;
		};
		9F6A3CF82626C7CB00F1D908 /* Build configuration list for PBXNativeTarget "QuizApp" */ = {
			isa = XCConfigurationList;
			buildConfigurations = (
				9F6A3CF92626C7CB00F1D908 /* Debug */,
				9F6A3CFA2626C7CB00F1D908 /* Release */,
			);
			defaultConfigurationIsVisible = 0;
			defaultConfigurationName = Release;
		};
/* End XCConfigurationList section */

/* Begin XCVersionGroup section */
		9F74A05126660F9F00453411 /* Model.xcdatamodeld */ = {
			isa = XCVersionGroup;
			children = (
				9F74A05226660F9F00453411 /* Model.xcdatamodel */,
			);
			currentVersion = 9F74A05226660F9F00453411 /* Model.xcdatamodel */;
			path = Model.xcdatamodeld;
			sourceTree = "<group>";
			versionGroupType = wrapper.xcdatamodel;
		};
/* End XCVersionGroup section */
	};
	rootObject = 9F6A3CDC2626C7C800F1D908 /* Project object */;
}
